dependencies:
- name: postgresql
  repository: https://charts.bitnami.com/bitnami
  version: 9.1.1
- name: postgresql
  repository: https://charts.bitnami.com/bitnami
  version: 9.1.1
- name: hlf-ca
  repository: https://kubernetes-charts.storage.googleapis.com
  version: 1.2.0
- name: hlf-ca
  repository: https://kubernetes-charts.storage.googleapis.com
  version: 1.2.0
- name: common
  repository: https://charts.bitnami.com/bitnami
  version: 0.3.1
digest: sha256:55e558eb3dc35709f7735e8f791bdd19656cd39e197e8f7b65bf77f083053b01
generated: "2020-07-22T23:25:50.490399+08:00"
