dependencies:
- name: common
  repository: https://charts.bitnami.com/bitnami
  version: 0.3.1
- name: postgresql
  repository: https://charts.bitnami.com/bitnami
  version: 9.1.1
- name: postgresql
  repository: https://charts.bitnami.com/bitnami
  version: 9.1.1
- name: hlf-ca
  repository: https://kubernetes-charts.storage.googleapis.com
  version: 1.2.0
- name: hlf-ca
  repository: https://kubernetes-charts.storage.googleapis.com
  version: 1.2.0
digest: sha256:cf8d1e672f9a6e01f321abf717a141f25ef886269032b45495c4e06edd7eca9a
generated: "2020-07-24T21:00:28.784209+08:00"
