dependencies:
- name: nginx-ingress-controller
  repository: https://charts.bitnami.com/bitnami
  version: 5.3.25
- name: common
  repository: https://charts.bitnami.com/bitnami
  version: 0.3.1
- name: postgresql
  repository: https://charts.bitnami.com/bitnami
  version: 9.1.1
digest: sha256:ede31e3c772500065acc52527421cee242cca4476060ff87e6263ae9f52221e4
generated: "2020-07-25T13:01:25.125827+08:00"
